
Microsoft Visual Studio Solution File, Format Version 12.00
# Visual Studio Version 16
VisualStudioVersion = 16.0.31306.274
MinimumVisualStudioVersion = 10.0.40219.1
Project("{8BC9CEB8-8B4A-11D0-8D11-00A0C91BC942}") = "BallisticComputer002", "BallisticComputer002.vcxproj", "{C5F80730-F44F-4478-BDAE-6634EFC2CA88}"
EndProject
Project("{2150E333-8FDC-42A3-9474-1A3956D46DE8}") = "Solution Items", "Solution Items", "{314FB705-D021-4477-A74D-1BD0050320AF}"
	ProjectSection(SolutionItems) = preProject
		Documentation\BallisticComputerBuild.odt = Documentation\BallisticComputerBuild.odt
	EndProjectSection
EndProject
Project("{8BC9CEB8-8B4A-11D0-8D11-00A0C91BC942}") = "Wire-1.0.1", "C:\Users\Shaun\AppData\Local\arduino15\packages\esp32\hardware\esp32\1.0.6\libraries\Wire\Wire-1.0.1.vcxitems", "{DD32D400-E4A8-4055-BAB9-5199178AEF28}"
EndProject
Project("{8BC9CEB8-8B4A-11D0-8D11-00A0C91BC942}") = "BME280-3.0.0", "C:\Users\Shaun\Documents\Arduino\libraries\BME280\BME280-3.0.0.vcxitems", "{F044BB70-176C-4998-8CE7-9C079F993A0E}"
EndProject
Project("{8BC9CEB8-8B4A-11D0-8D11-00A0C91BC942}") = "Adafruit_BME280_Library-2.1.3", "C:\Users\Shaun\Documents\Arduino\libraries\Adafruit_BME280_Library\Adafruit_BME280_Library-2.1.3.vcxitems", "{F45AF32D-1207-43C9-A891-E47EF10C9A2E}"
EndProject
Project("{8BC9CEB8-8B4A-11D0-8D11-00A0C91BC942}") = "Adafruit_Unified_Sensor-1.1.4", "C:\Users\Shaun\Documents\Arduino\libraries\Adafruit_Unified_Sensor\Adafruit_Unified_Sensor-1.1.4.vcxitems", "{BAE7114D-4E54-405D-9982-B1B95C4B937B}"
EndProject
Global
	GlobalSection(SharedMSBuildProjectFiles) = preSolution
		C:\Users\Shaun\Documents\Arduino\libraries\Adafruit_Unified_Sensor\Adafruit_Unified_Sensor-1.1.4.vcxitems*{bae7114d-4e54-405d-9982-b1b95c4b937b}*SharedItemsImports = 9
		C:\Users\Shaun\AppData\Local\arduino15\packages\esp32\hardware\esp32\1.0.6\libraries\Wire\Wire-1.0.1.vcxitems*{c5f80730-f44f-4478-bdae-6634efc2ca88}*SharedItemsImports = 4
		C:\Users\Shaun\Documents\Arduino\libraries\Adafruit_BME280_Library\Adafruit_BME280_Library-2.1.3.vcxitems*{c5f80730-f44f-4478-bdae-6634efc2ca88}*SharedItemsImports = 4
		C:\Users\Shaun\Documents\Arduino\libraries\Adafruit_Unified_Sensor\Adafruit_Unified_Sensor-1.1.4.vcxitems*{c5f80730-f44f-4478-bdae-6634efc2ca88}*SharedItemsImports = 4
		C:\Users\Shaun\AppData\Local\arduino15\packages\esp32\hardware\esp32\1.0.6\libraries\Wire\Wire-1.0.1.vcxitems*{dd32d400-e4a8-4055-bab9-5199178aef28}*SharedItemsImports = 9
		C:\Users\Shaun\Documents\Arduino\libraries\BME280\BME280-3.0.0.vcxitems*{f044bb70-176c-4998-8ce7-9c079f993a0e}*SharedItemsImports = 9
		C:\Users\Shaun\Documents\Arduino\libraries\Adafruit_BME280_Library\Adafruit_BME280_Library-2.1.3.vcxitems*{f45af32d-1207-43c9-a891-e47ef10c9a2e}*SharedItemsImports = 9
	EndGlobalSection
	GlobalSection(SolutionConfigurationPlatforms) = preSolution
		Debug|x86 = Debug|x86
		Release|x86 = Release|x86
	EndGlobalSection
	GlobalSection(ProjectConfigurationPlatforms) = postSolution
		{C5F80730-F44F-4478-BDAE-6634EFC2CA88}.Debug|x86.ActiveCfg = Debug|Win32
		{C5F80730-F44F-4478-BDAE-6634EFC2CA88}.Debug|x86.Build.0 = Debug|Win32
		{C5F80730-F44F-4478-BDAE-6634EFC2CA88}.Release|x86.ActiveCfg = Release|Win32
		{C5F80730-F44F-4478-BDAE-6634EFC2CA88}.Release|x86.Build.0 = Release|Win32
	EndGlobalSection
	GlobalSection(SolutionProperties) = preSolution
		HideSolutionNode = FALSE
	EndGlobalSection
	GlobalSection(ExtensibilityGlobals) = postSolution
		SolutionGuid = {24FED005-30CC-4C46-973B-947B8BDF4BE4}
	EndGlobalSection
EndGlobal
